
Microsoft Visual Studio Solution File, Format Version 12.00
# Visual Studio Version 17
VisualStudioVersion = 17.5.002.0
MinimumVisualStudioVersion = 10.0.40219.1
Project("{2150E333-8FDC-42A3-9474-1A3956D46DE8}") = "sandbox", "sandbox", "{5ED58D9C-403E-4758-9A6A-6D216D4A53EC}"
EndProject
Project("{9A19103F-16F7-4668-BE54-9A1E7A4F7556}") = "sandbox_project", "sandbox\sandbox_project\sandbox_project.csproj", "{9DB5316E-7070-443E-ABF8-D34362FDBFD0}"
EndProject
Project("{2150E333-8FDC-42A3-9474-1A3956D46DE8}") = "week01", "week01", "{452D714E-213E-486C-9778-D8BA2EAEE4D3}"
EndProject
Project("{9A19103F-16F7-4668-BE54-9A1E7A4F7556}") = "analyze", "week01\analyze\analyze.csproj", "{F01CBF52-0302-49B3-8317-0C1F1F189FA4}"
EndProject
Project("{9A19103F-16F7-4668-BE54-9A1E7A4F7556}") = "code", "week01\code\code.csproj", "{D9D080B9-7250-4E5D-9C89-FE89F7735CB6}"
EndProject
Project("{9A19103F-16F7-4668-BE54-9A1E7A4F7556}") = "teach", "week01\teach\teach.csproj", "{E834C29C-2780-44BD-B233-08C1EBAA1985}"
EndProject
Project("{2150E333-8FDC-42A3-9474-1A3956D46DE8}") = "week02", "week02", "{1B71EA31-9C7B-4DB1-B27E-1191ED4A90E3}"
EndProject
Project("{9A19103F-16F7-4668-BE54-9A1E7A4F7556}") = "analyze", "week02\analyze\analyze.csproj", "{4116B70E-CD08-44BD-8080-8124EF74BD60}"
EndProject
Project("{9A19103F-16F7-4668-BE54-9A1E7A4F7556}") = "code", "week02\code\code.csproj", "{7FE4E318-E263-4787-A876-BF1815A46D91}"
EndProject
Project("{9A19103F-16F7-4668-BE54-9A1E7A4F7556}") = "learn", "week02\learn\learn.csproj", "{CF7607E8-99D2-430B-8C30-478A185F863B}"
EndProject
Project("{9A19103F-16F7-4668-BE54-9A1E7A4F7556}") = "teach", "week02\teach\teach.csproj", "{4714A415-6A07-4FE9-BAAC-2B3977A643CD}"
EndProject
Project("{2150E333-8FDC-42A3-9474-1A3956D46DE8}") = "week03", "week03", "{DCFEBBBB-CE8A-44D6-8D34-A8FD4C6ECDAF}"
EndProject
Project("{9A19103F-16F7-4668-BE54-9A1E7A4F7556}") = "code", "week03\code\code.csproj", "{7DBEEEF8-8C1B-4EDA-ACA5-C8C8ECC6E705}"
EndProject
Project("{9A19103F-16F7-4668-BE54-9A1E7A4F7556}") = "learn", "week03\learn\learn.csproj", "{65B4AFB3-3362-4840-96CD-7772BAC75782}"
EndProject
Project("{9A19103F-16F7-4668-BE54-9A1E7A4F7556}") = "teach", "week03\teach\teach.csproj", "{7D8CC7D5-720A-404C-B4DA-7AA086995619}"
EndProject
Project("{2150E333-8FDC-42A3-9474-1A3956D46DE8}") = "week04", "week04", "{8CED4EAF-419B-4F0D-9D32-EC8510E5124F}"
EndProject
Project("{9A19103F-16F7-4668-BE54-9A1E7A4F7556}") = "code", "week04\code\code.csproj", "{49F06D8E-5CBD-4F05-BAA3-053DB7B88005}"
EndProject
Project("{2150E333-8FDC-42A3-9474-1A3956D46DE8}") = "week05", "week05", "{D8864A57-675A-4108-8C6C-302023C3F05A}"
EndProject
Project("{9A19103F-16F7-4668-BE54-9A1E7A4F7556}") = "code", "week05\code\code.csproj", "{D9E3A437-9F0F-4180-B34A-CE47A389B134}"
EndProject
Project("{2150E333-8FDC-42A3-9474-1A3956D46DE8}") = "week06", "week06", "{AC85FA1C-7807-475E-996D-A74FA344B16D}"
EndProject
Project("{9A19103F-16F7-4668-BE54-9A1E7A4F7556}") = "code", "week06\code\code.csproj", "{88843174-8A57-401E-B127-30E85FB29786}"
EndProject
Global
	GlobalSection(SolutionConfigurationPlatforms) = preSolution
		Debug|Any CPU = Debug|Any CPU
		Release|Any CPU = Release|Any CPU
	EndGlobalSection
	GlobalSection(ProjectConfigurationPlatforms) = postSolution
		{9DB5316E-7070-443E-ABF8-D34362FDBFD0}.Debug|Any CPU.ActiveCfg = Debug|Any CPU
		{9DB5316E-7070-443E-ABF8-D34362FDBFD0}.Debug|Any CPU.Build.0 = Debug|Any CPU
		{9DB5316E-7070-443E-ABF8-D34362FDBFD0}.Release|Any CPU.ActiveCfg = Release|Any CPU
		{9DB5316E-7070-443E-ABF8-D34362FDBFD0}.Release|Any CPU.Build.0 = Release|Any CPU
		{F01CBF52-0302-49B3-8317-0C1F1F189FA4}.Debug|Any CPU.ActiveCfg = Debug|Any CPU
		{F01CBF52-0302-49B3-8317-0C1F1F189FA4}.Debug|Any CPU.Build.0 = Debug|Any CPU
		{F01CBF52-0302-49B3-8317-0C1F1F189FA4}.Release|Any CPU.ActiveCfg = Release|Any CPU
		{F01CBF52-0302-49B3-8317-0C1F1F189FA4}.Release|Any CPU.Build.0 = Release|Any CPU
		{D9D080B9-7250-4E5D-9C89-FE89F7735CB6}.Debug|Any CPU.ActiveCfg = Debug|Any CPU
		{D9D080B9-7250-4E5D-9C89-FE89F7735CB6}.Debug|Any CPU.Build.0 = Debug|Any CPU
		{D9D080B9-7250-4E5D-9C89-FE89F7735CB6}.Release|Any CPU.ActiveCfg = Release|Any CPU
		{D9D080B9-7250-4E5D-9C89-FE89F7735CB6}.Release|Any CPU.Build.0 = Release|Any CPU
		{E834C29C-2780-44BD-B233-08C1EBAA1985}.Debug|Any CPU.ActiveCfg = Debug|Any CPU
		{E834C29C-2780-44BD-B233-08C1EBAA1985}.Debug|Any CPU.Build.0 = Debug|Any CPU
		{E834C29C-2780-44BD-B233-08C1EBAA1985}.Release|Any CPU.ActiveCfg = Release|Any CPU
		{E834C29C-2780-44BD-B233-08C1EBAA1985}.Release|Any CPU.Build.0 = Release|Any CPU
		{4116B70E-CD08-44BD-8080-8124EF74BD60}.Debug|Any CPU.ActiveCfg = Debug|Any CPU
		{4116B70E-CD08-44BD-8080-8124EF74BD60}.Debug|Any CPU.Build.0 = Debug|Any CPU
		{4116B70E-CD08-44BD-8080-8124EF74BD60}.Release|Any CPU.ActiveCfg = Release|Any CPU
		{4116B70E-CD08-44BD-8080-8124EF74BD60}.Release|Any CPU.Build.0 = Release|Any CPU
		{7FE4E318-E263-4787-A876-BF1815A46D91}.Debug|Any CPU.ActiveCfg = Debug|Any CPU
		{7FE4E318-E263-4787-A876-BF1815A46D91}.Debug|Any CPU.Build.0 = Debug|Any CPU
		{7FE4E318-E263-4787-A876-BF1815A46D91}.Release|Any CPU.ActiveCfg = Release|Any CPU
		{7FE4E318-E263-4787-A876-BF1815A46D91}.Release|Any CPU.Build.0 = Release|Any CPU
		{CF7607E8-99D2-430B-8C30-478A185F863B}.Debug|Any CPU.ActiveCfg = Debug|Any CPU
		{CF7607E8-99D2-430B-8C30-478A185F863B}.Debug|Any CPU.Build.0 = Debug|Any CPU
		{CF7607E8-99D2-430B-8C30-478A185F863B}.Release|Any CPU.ActiveCfg = Release|Any CPU
		{CF7607E8-99D2-430B-8C30-478A185F863B}.Release|Any CPU.Build.0 = Release|Any CPU
		{4714A415-6A07-4FE9-BAAC-2B3977A643CD}.Debug|Any CPU.ActiveCfg = Debug|Any CPU
		{4714A415-6A07-4FE9-BAAC-2B3977A643CD}.Debug|Any CPU.Build.0 = Debug|Any CPU
		{4714A415-6A07-4FE9-BAAC-2B3977A643CD}.Release|Any CPU.ActiveCfg = Release|Any CPU
		{4714A415-6A07-4FE9-BAAC-2B3977A643CD}.Release|Any CPU.Build.0 = Release|Any CPU
		{7DBEEEF8-8C1B-4EDA-ACA5-C8C8ECC6E705}.Debug|Any CPU.ActiveCfg = Debug|Any CPU
		{7DBEEEF8-8C1B-4EDA-ACA5-C8C8ECC6E705}.Debug|Any CPU.Build.0 = Debug|Any CPU
		{7DBEEEF8-8C1B-4EDA-ACA5-C8C8ECC6E705}.Release|Any CPU.ActiveCfg = Release|Any CPU
		{7DBEEEF8-8C1B-4EDA-ACA5-C8C8ECC6E705}.Release|Any CPU.Build.0 = Release|Any CPU
		{65B4AFB3-3362-4840-96CD-7772BAC75782}.Debug|Any CPU.ActiveCfg = Debug|Any CPU
		{65B4AFB3-3362-4840-96CD-7772BAC75782}.Debug|Any CPU.Build.0 = Debug|Any CPU
		{65B4AFB3-3362-4840-96CD-7772BAC75782}.Release|Any CPU.ActiveCfg = Release|Any CPU
		{65B4AFB3-3362-4840-96CD-7772BAC75782}.Release|Any CPU.Build.0 = Release|Any CPU
		{7D8CC7D5-720A-404C-B4DA-7AA086995619}.Debug|Any CPU.ActiveCfg = Debug|Any CPU
		{7D8CC7D5-720A-404C-B4DA-7AA086995619}.Debug|Any CPU.Build.0 = Debug|Any CPU
		{7D8CC7D5-720A-404C-B4DA-7AA086995619}.Release|Any CPU.ActiveCfg = Release|Any CPU
		{7D8CC7D5-720A-404C-B4DA-7AA086995619}.Release|Any CPU.Build.0 = Release|Any CPU
		{49F06D8E-5CBD-4F05-BAA3-053DB7B88005}.Debug|Any CPU.ActiveCfg = Debug|Any CPU
		{49F06D8E-5CBD-4F05-BAA3-053DB7B88005}.Debug|Any CPU.Build.0 = Debug|Any CPU
		{49F06D8E-5CBD-4F05-BAA3-053DB7B88005}.Release|Any CPU.ActiveCfg = Release|Any CPU
		{49F06D8E-5CBD-4F05-BAA3-053DB7B88005}.Release|Any CPU.Build.0 = Release|Any CPU
		{D9E3A437-9F0F-4180-B34A-CE47A389B134}.Debug|Any CPU.ActiveCfg = Debug|Any CPU
		{D9E3A437-9F0F-4180-B34A-CE47A389B134}.Debug|Any CPU.Build.0 = Debug|Any CPU
		{D9E3A437-9F0F-4180-B34A-CE47A389B134}.Release|Any CPU.ActiveCfg = Release|Any CPU
		{D9E3A437-9F0F-4180-B34A-CE47A389B134}.Release|Any CPU.Build.0 = Release|Any CPU
		{88843174-8A57-401E-B127-30E85FB29786}.Debug|Any CPU.ActiveCfg = Debug|Any CPU
		{88843174-8A57-401E-B127-30E85FB29786}.Debug|Any CPU.Build.0 = Debug|Any CPU
		{88843174-8A57-401E-B127-30E85FB29786}.Release|Any CPU.ActiveCfg = Release|Any CPU
		{88843174-8A57-401E-B127-30E85FB29786}.Release|Any CPU.Build.0 = Release|Any CPU
	EndGlobalSection
	GlobalSection(SolutionProperties) = preSolution
		HideSolutionNode = FALSE
	EndGlobalSection
	GlobalSection(NestedProjects) = preSolution
		{9DB5316E-7070-443E-ABF8-D34362FDBFD0} = {5ED58D9C-403E-4758-9A6A-6D216D4A53EC}
		{F01CBF52-0302-49B3-8317-0C1F1F189FA4} = {452D714E-213E-486C-9778-D8BA2EAEE4D3}
		{D9D080B9-7250-4E5D-9C89-FE89F7735CB6} = {452D714E-213E-486C-9778-D8BA2EAEE4D3}
		{E834C29C-2780-44BD-B233-08C1EBAA1985} = {452D714E-213E-486C-9778-D8BA2EAEE4D3}
		{4116B70E-CD08-44BD-8080-8124EF74BD60} = {1B71EA31-9C7B-4DB1-B27E-1191ED4A90E3}
		{7FE4E318-E263-4787-A876-BF1815A46D91} = {1B71EA31-9C7B-4DB1-B27E-1191ED4A90E3}
		{CF7607E8-99D2-430B-8C30-478A185F863B} = {1B71EA31-9C7B-4DB1-B27E-1191ED4A90E3}
		{4714A415-6A07-4FE9-BAAC-2B3977A643CD} = {1B71EA31-9C7B-4DB1-B27E-1191ED4A90E3}
		{7DBEEEF8-8C1B-4EDA-ACA5-C8C8ECC6E705} = {DCFEBBBB-CE8A-44D6-8D34-A8FD4C6ECDAF}
		{65B4AFB3-3362-4840-96CD-7772BAC75782} = {DCFEBBBB-CE8A-44D6-8D34-A8FD4C6ECDAF}
		{7D8CC7D5-720A-404C-B4DA-7AA086995619} = {DCFEBBBB-CE8A-44D6-8D34-A8FD4C6ECDAF}
		{49F06D8E-5CBD-4F05-BAA3-053DB7B88005} = {8CED4EAF-419B-4F0D-9D32-EC8510E5124F}
		{D9E3A437-9F0F-4180-B34A-CE47A389B134} = {D8864A57-675A-4108-8C6C-302023C3F05A}
		{88843174-8A57-401E-B127-30E85FB29786} = {AC85FA1C-7807-475E-996D-A74FA344B16D}
	EndGlobalSection
	GlobalSection(ExtensibilityGlobals) = postSolution
		SolutionGuid = {F11B25B3-E772-43DD-8A70-93119B5F0AFA}
	EndGlobalSection
EndGlobal
